
Microsoft Visual Studio Solution File, Format Version 12.00
# Visual Studio Version 17
VisualStudioVersion = 17.14.36429.23
MinimumVisualStudioVersion = 10.0.40219.1
Project("{FAE04EC0-301F-11D3-BF4B-00C04F79EFBC}") = "Presentasion", "Presentasion\Presentasion.csproj", "{F4BD1488-2B8B-484E-B1A1-10B3D797E2B3}"
EndProject
Project("{FAE04EC0-301F-11D3-BF4B-00C04F79EFBC}") = "Negocio", "Negocio\Negocio.csproj", "{93EAE66B-1838-47F8-9C00-9A470F67E04A}"
EndProject
Project("{FAE04EC0-301F-11D3-BF4B-00C04F79EFBC}") = "Datos", "Datos\Datos.csproj", "{A3BAA9F1-8880-4EDE-A71F-8DD455577079}"
EndProject
Global
	GlobalSection(SolutionConfigurationPlatforms) = preSolution
		Debug|Any CPU = Debug|Any CPU
		Release|Any CPU = Release|Any CPU
	EndGlobalSection
	GlobalSection(ProjectConfigurationPlatforms) = postSolution
		{F4BD1488-2B8B-484E-B1A1-10B3D797E2B3}.Debug|Any CPU.ActiveCfg = Debug|Any CPU
		{F4BD1488-2B8B-484E-B1A1-10B3D797E2B3}.Debug|Any CPU.Build.0 = Debug|Any CPU
		{F4BD1488-2B8B-484E-B1A1-10B3D797E2B3}.Release|Any CPU.ActiveCfg = Release|Any CPU
		{F4BD1488-2B8B-484E-B1A1-10B3D797E2B3}.Release|Any CPU.Build.0 = Release|Any CPU
		{93EAE66B-1838-47F8-9C00-9A470F67E04A}.Debug|Any CPU.ActiveCfg = Debug|Any CPU
		{93EAE66B-1838-47F8-9C00-9A470F67E04A}.Debug|Any CPU.Build.0 = Debug|Any CPU
		{93EAE66B-1838-47F8-9C00-9A470F67E04A}.Release|Any CPU.ActiveCfg = Release|Any CPU
		{93EAE66B-1838-47F8-9C00-9A470F67E04A}.Release|Any CPU.Build.0 = Release|Any CPU
		{A3BAA9F1-8880-4EDE-A71F-8DD455577079}.Debug|Any CPU.ActiveCfg = Debug|Any CPU
		{A3BAA9F1-8880-4EDE-A71F-8DD455577079}.Debug|Any CPU.Build.0 = Debug|Any CPU
		{A3BAA9F1-8880-4EDE-A71F-8DD455577079}.Release|Any CPU.ActiveCfg = Release|Any CPU
		{A3BAA9F1-8880-4EDE-A71F-8DD455577079}.Release|Any CPU.Build.0 = Release|Any CPU
	EndGlobalSection
	GlobalSection(SolutionProperties) = preSolution
		HideSolutionNode = FALSE
	EndGlobalSection
	GlobalSection(ExtensibilityGlobals) = postSolution
		SolutionGuid = {B10E143B-BB21-4485-BC1E-751CE0E5777C}
	EndGlobalSection
EndGlobal
